
Microsoft Visual Studio Solution File, Format Version 12.00
# Visual Studio 15
VisualStudioVersion = 15.0.27130.2027
MinimumVisualStudioVersion = 10.0.40219.1
Project("{9A19103F-16F7-4668-BE54-9A1E7A4F7556}") = "ConsoleApp.FizzBuzz", "ConsoleApp.FizzBuzz\ConsoleApp.FizzBuzz.csproj", "{9F65D6BC-60C6-4213-950D-DE34EC4A11BE}"
EndProject
Project("{9A19103F-16F7-4668-BE54-9A1E7A4F7556}") = "Tests.FizzBuzz", "Tests.FizzBuzz\Tests.FizzBuzz.csproj", "{975CC43B-21E0-4E3A-A269-861137245568}"
EndProject
Project("{9A19103F-16F7-4668-BE54-9A1E7A4F7556}") = "FizzBuzz.GameEngine", "FizzBuzz.GameEngine\FizzBuzz.GameEngine.csproj", "{7D84DC7D-3B89-4A96-B162-F07587DF371B}"
EndProject
Global
	GlobalSection(SolutionConfigurationPlatforms) = preSolution
		Debug|Any CPU = Debug|Any CPU
		Release|Any CPU = Release|Any CPU
	EndGlobalSection
	GlobalSection(ProjectConfigurationPlatforms) = postSolution
		{9F65D6BC-60C6-4213-950D-DE34EC4A11BE}.Debug|Any CPU.ActiveCfg = Debug|Any CPU
		{9F65D6BC-60C6-4213-950D-DE34EC4A11BE}.Debug|Any CPU.Build.0 = Debug|Any CPU
		{9F65D6BC-60C6-4213-950D-DE34EC4A11BE}.Release|Any CPU.ActiveCfg = Release|Any CPU
		{9F65D6BC-60C6-4213-950D-DE34EC4A11BE}.Release|Any CPU.Build.0 = Release|Any CPU
		{975CC43B-21E0-4E3A-A269-861137245568}.Debug|Any CPU.ActiveCfg = Debug|Any CPU
		{975CC43B-21E0-4E3A-A269-861137245568}.Debug|Any CPU.Build.0 = Debug|Any CPU
		{975CC43B-21E0-4E3A-A269-861137245568}.Release|Any CPU.ActiveCfg = Release|Any CPU
		{975CC43B-21E0-4E3A-A269-861137245568}.Release|Any CPU.Build.0 = Release|Any CPU
		{7D84DC7D-3B89-4A96-B162-F07587DF371B}.Debug|Any CPU.ActiveCfg = Debug|Any CPU
		{7D84DC7D-3B89-4A96-B162-F07587DF371B}.Debug|Any CPU.Build.0 = Debug|Any CPU
		{7D84DC7D-3B89-4A96-B162-F07587DF371B}.Release|Any CPU.ActiveCfg = Release|Any CPU
		{7D84DC7D-3B89-4A96-B162-F07587DF371B}.Release|Any CPU.Build.0 = Release|Any CPU
	EndGlobalSection
	GlobalSection(SolutionProperties) = preSolution
		HideSolutionNode = FALSE
	EndGlobalSection
	GlobalSection(ExtensibilityGlobals) = postSolution
		SolutionGuid = {EA57D8E5-9286-4EBF-A407-1631E357FEF0}
	EndGlobalSection
EndGlobal
